
Microsoft Visual Studio Solution File, Format Version 12.00
# Visual Studio Version 17
VisualStudioVersion = 17.10.34928.147
MinimumVisualStudioVersion = 10.0.40219.1
Project("{FAE04EC0-301F-11D3-BF4B-00C04F79EFBC}") = "Calculo de subredes", "Calculo de subredes.csproj", "{A9132B57-9B06-4CF3-B05E-417089644ADF}"
EndProject
Global
	GlobalSection(SolutionConfigurationPlatforms) = preSolution
		Debug|Any CPU = Debug|Any CPU
		Release|Any CPU = Release|Any CPU
	EndGlobalSection
	GlobalSection(ProjectConfigurationPlatforms) = postSolution
		{A9132B57-9B06-4CF3-B05E-417089644ADF}.Debug|Any CPU.ActiveCfg = Debug|Any CPU
		{A9132B57-9B06-4CF3-B05E-417089644ADF}.Debug|Any CPU.Build.0 = Debug|Any CPU
		{A9132B57-9B06-4CF3-B05E-417089644ADF}.Debug|Any CPU.Deploy.0 = Debug|Any CPU
		{A9132B57-9B06-4CF3-B05E-417089644ADF}.Release|Any CPU.ActiveCfg = Release|Any CPU
		{A9132B57-9B06-4CF3-B05E-417089644ADF}.Release|Any CPU.Build.0 = Release|Any CPU
		{A9132B57-9B06-4CF3-B05E-417089644ADF}.Release|Any CPU.Deploy.0 = Release|Any CPU
	EndGlobalSection
	GlobalSection(SolutionProperties) = preSolution
		HideSolutionNode = FALSE
	EndGlobalSection
	GlobalSection(ExtensibilityGlobals) = postSolution
		SolutionGuid = {E47E935F-99FF-49C1-BDBB-3A83B304E667}
	EndGlobalSection
EndGlobal
